
Microsoft Visual Studio Solution File, Format Version 12.00
# Visual Studio 15
VisualStudioVersion = 15.0.27703.2047
MinimumVisualStudioVersion = 10.0.40219.1
Project("{FAE04EC0-301F-11D3-BF4B-00C04F79EFBC}") = "ImpactaAspNet.Capitulo01.Variaveis", "ImpactaAspNet.Capitulo01.Variaveis\ImpactaAspNet.Capitulo01.Variaveis.csproj", "{AF19A4A5-9EC8-4675-8C57-31146ACC7B99}"
EndProject
Project("{FAE04EC0-301F-11D3-BF4B-00C04F79EFBC}") = "AspNet.Capitulo01.Troco", "AspNet.Capitulo01.Troco\AspNet.Capitulo01.Troco.csproj", "{1E6E7B2F-C016-4EC5-A1D5-DFFB4D2CA5D5}"
EndProject
Project("{FAE04EC0-301F-11D3-BF4B-00C04F79EFBC}") = "AspNet.Capitulo01.Frete", "AspNet.Capitulo01.Frete\AspNet.Capitulo01.Frete.csproj", "{4A0C6C4D-F673-4982-9C06-C39B82EAF1FA}"
EndProject
Project("{FAE04EC0-301F-11D3-BF4B-00C04F79EFBC}") = "AspNet.Capitulo01.Repeticao.Testes", "AspNet.Capitulo01.Repeticao.Testes\AspNet.Capitulo01.Repeticao.Testes.csproj", "{503827C9-D034-45D1-94FA-DD02D0347020}"
EndProject
Project("{FAE04EC0-301F-11D3-BF4B-00C04F79EFBC}") = "AspNet.Capitulo01.VetoresColecoes.Testes", "AspNet.Capitulo01.VetoresColecoes.Testes\AspNet.Capitulo01.VetoresColecoes.Testes.csproj", "{9A9B1A04-45C4-46FB-B845-837814897366}"
EndProject
Project("{FAE04EC0-301F-11D3-BF4B-00C04F79EFBC}") = "Oficina.Dominio", "Oficina.Dominio\Oficina.Dominio.csproj", "{91CF9C18-CE6D-49BF-912C-3919936DD09F}"
EndProject
Project("{2150E333-8FDC-42A3-9474-1A3956D46DE8}") = "Oficina", "Oficina", "{64EDFCE5-6934-4FD3-8FC7-59C2D232DB68}"
EndProject
Project("{FAE04EC0-301F-11D3-BF4B-00C04F79EFBC}") = "Oficina.Repositorios.SistemaArquivos", "Oficina.Repositorios.SistemaArquivos\Oficina.Repositorios.SistemaArquivos.csproj", "{7CA83158-4065-43C2-9203-25335FB41CFF}"
EndProject
Project("{FAE04EC0-301F-11D3-BF4B-00C04F79EFBC}") = "Oficina.Repositorios.SistemaArquivosTests", "Oficina.Repositorios.SistemaArquivosTests\Oficina.Repositorios.SistemaArquivosTests.csproj", "{3A8674C5-8702-4692-BFE7-206CBE568C62}"
EndProject
Project("{FAE04EC0-301F-11D3-BF4B-00C04F79EFBC}") = "Oficina.WebPages", "Oficina.WebPages\Oficina.WebPages.csproj", "{2ADA1B64-1CA2-4BB7-89BC-16F431E39A87}"
EndProject
Project("{FAE04EC0-301F-11D3-BF4B-00C04F79EFBC}") = "Oficina.DominioTests", "Oficina.DominioTests\Oficina.DominioTests.csproj", "{BF053121-AD1B-4797-A532-1D601C0B09CB}"
EndProject
Project("{FAE04EC0-301F-11D3-BF4B-00C04F79EFBC}") = "AspNet.Capitulo03.Portfolio", "AspNet.Capitulo03.Portfolio\AspNet.Capitulo03.Portfolio.csproj", "{6D1B3E28-168A-4749-8BC7-15AD2AF344A5}"
EndProject
Project("{2150E333-8FDC-42A3-9474-1A3956D46DE8}") = "Loja", "Loja", "{1F5A1D96-24A5-4404-B541-95CBD132D055}"
EndProject
Project("{FAE04EC0-301F-11D3-BF4B-00C04F79EFBC}") = "Loja.Dominio", "Loja.Dominio\Loja.Dominio.csproj", "{ABE145AB-AFA9-4136-B01B-3B08D30F6745}"
EndProject
Project("{FAE04EC0-301F-11D3-BF4B-00C04F79EFBC}") = "Loja.Repositorios.SqlServer", "Loja.Repositorios.SqlServer\Loja.Repositorios.SqlServer.csproj", "{DD7BA81E-5E01-40F9-9EF2-CAC770BC6A1B}"
EndProject
Project("{FAE04EC0-301F-11D3-BF4B-00C04F79EFBC}") = "Loja.Repositorios.SqlServerTests", "Loja.Repositorios.SqlServerTests\Loja.Repositorios.SqlServerTests.csproj", "{E5C64271-B485-4ED9-ADE7-85830B06043D}"
EndProject
Project("{FAE04EC0-301F-11D3-BF4B-00C04F79EFBC}") = "Loja.Mvc", "Loja.Mvc\Loja.Mvc.csproj", "{2DC58F97-7DAE-4047-B28E-048F66E522AD}"
EndProject
Project("{2150E333-8FDC-42A3-9474-1A3956D46DE8}") = "Northwind", "Northwind", "{72DC60EF-CDC7-4A7D-A88B-72E34559F18E}"
EndProject
Project("{FAE04EC0-301F-11D3-BF4B-00C04F79EFBC}") = "Northwind.Repositorios.SqlServer", "Northwind.Repositorios.SqlServer\Northwind.Repositorios.SqlServer.csproj", "{BEC97DB8-7CB7-473E-89D3-2115EB5905EB}"
EndProject
Project("{FAE04EC0-301F-11D3-BF4B-00C04F79EFBC}") = "Northwind.WebApi", "Northwind.WebApi\Northwind.WebApi.csproj", "{4B4F74A4-2611-4801-B99D-F4678659A2DE}"
EndProject
Project("{FAE04EC0-301F-11D3-BF4B-00C04F79EFBC}") = "Northwind.Html", "Northwind.Html\Northwind.Html.csproj", "{781901C2-C526-4BDB-BB08-AC095F5A2A43}"
EndProject
Global
	GlobalSection(SolutionConfigurationPlatforms) = preSolution
		Debug|Any CPU = Debug|Any CPU
		Release|Any CPU = Release|Any CPU
	EndGlobalSection
	GlobalSection(ProjectConfigurationPlatforms) = postSolution
		{AF19A4A5-9EC8-4675-8C57-31146ACC7B99}.Debug|Any CPU.ActiveCfg = Debug|Any CPU
		{AF19A4A5-9EC8-4675-8C57-31146ACC7B99}.Debug|Any CPU.Build.0 = Debug|Any CPU
		{AF19A4A5-9EC8-4675-8C57-31146ACC7B99}.Release|Any CPU.ActiveCfg = Release|Any CPU
		{AF19A4A5-9EC8-4675-8C57-31146ACC7B99}.Release|Any CPU.Build.0 = Release|Any CPU
		{1E6E7B2F-C016-4EC5-A1D5-DFFB4D2CA5D5}.Debug|Any CPU.ActiveCfg = Debug|Any CPU
		{1E6E7B2F-C016-4EC5-A1D5-DFFB4D2CA5D5}.Debug|Any CPU.Build.0 = Debug|Any CPU
		{1E6E7B2F-C016-4EC5-A1D5-DFFB4D2CA5D5}.Release|Any CPU.ActiveCfg = Release|Any CPU
		{1E6E7B2F-C016-4EC5-A1D5-DFFB4D2CA5D5}.Release|Any CPU.Build.0 = Release|Any CPU
		{4A0C6C4D-F673-4982-9C06-C39B82EAF1FA}.Debug|Any CPU.ActiveCfg = Debug|Any CPU
		{4A0C6C4D-F673-4982-9C06-C39B82EAF1FA}.Debug|Any CPU.Build.0 = Debug|Any CPU
		{4A0C6C4D-F673-4982-9C06-C39B82EAF1FA}.Release|Any CPU.ActiveCfg = Release|Any CPU
		{4A0C6C4D-F673-4982-9C06-C39B82EAF1FA}.Release|Any CPU.Build.0 = Release|Any CPU
		{503827C9-D034-45D1-94FA-DD02D0347020}.Debug|Any CPU.ActiveCfg = Debug|Any CPU
		{503827C9-D034-45D1-94FA-DD02D0347020}.Debug|Any CPU.Build.0 = Debug|Any CPU
		{503827C9-D034-45D1-94FA-DD02D0347020}.Release|Any CPU.ActiveCfg = Release|Any CPU
		{503827C9-D034-45D1-94FA-DD02D0347020}.Release|Any CPU.Build.0 = Release|Any CPU
		{9A9B1A04-45C4-46FB-B845-837814897366}.Debug|Any CPU.ActiveCfg = Debug|Any CPU
		{9A9B1A04-45C4-46FB-B845-837814897366}.Debug|Any CPU.Build.0 = Debug|Any CPU
		{9A9B1A04-45C4-46FB-B845-837814897366}.Release|Any CPU.ActiveCfg = Release|Any CPU
		{9A9B1A04-45C4-46FB-B845-837814897366}.Release|Any CPU.Build.0 = Release|Any CPU
		{91CF9C18-CE6D-49BF-912C-3919936DD09F}.Debug|Any CPU.ActiveCfg = Debug|Any CPU
		{91CF9C18-CE6D-49BF-912C-3919936DD09F}.Debug|Any CPU.Build.0 = Debug|Any CPU
		{91CF9C18-CE6D-49BF-912C-3919936DD09F}.Release|Any CPU.ActiveCfg = Release|Any CPU
		{91CF9C18-CE6D-49BF-912C-3919936DD09F}.Release|Any CPU.Build.0 = Release|Any CPU
		{7CA83158-4065-43C2-9203-25335FB41CFF}.Debug|Any CPU.ActiveCfg = Debug|Any CPU
		{7CA83158-4065-43C2-9203-25335FB41CFF}.Debug|Any CPU.Build.0 = Debug|Any CPU
		{7CA83158-4065-43C2-9203-25335FB41CFF}.Release|Any CPU.ActiveCfg = Release|Any CPU
		{7CA83158-4065-43C2-9203-25335FB41CFF}.Release|Any CPU.Build.0 = Release|Any CPU
		{3A8674C5-8702-4692-BFE7-206CBE568C62}.Debug|Any CPU.ActiveCfg = Debug|Any CPU
		{3A8674C5-8702-4692-BFE7-206CBE568C62}.Debug|Any CPU.Build.0 = Debug|Any CPU
		{3A8674C5-8702-4692-BFE7-206CBE568C62}.Release|Any CPU.ActiveCfg = Release|Any CPU
		{3A8674C5-8702-4692-BFE7-206CBE568C62}.Release|Any CPU.Build.0 = Release|Any CPU
		{2ADA1B64-1CA2-4BB7-89BC-16F431E39A87}.Debug|Any CPU.ActiveCfg = Debug|Any CPU
		{2ADA1B64-1CA2-4BB7-89BC-16F431E39A87}.Debug|Any CPU.Build.0 = Debug|Any CPU
		{2ADA1B64-1CA2-4BB7-89BC-16F431E39A87}.Release|Any CPU.ActiveCfg = Release|Any CPU
		{2ADA1B64-1CA2-4BB7-89BC-16F431E39A87}.Release|Any CPU.Build.0 = Release|Any CPU
		{BF053121-AD1B-4797-A532-1D601C0B09CB}.Debug|Any CPU.ActiveCfg = Debug|Any CPU
		{BF053121-AD1B-4797-A532-1D601C0B09CB}.Debug|Any CPU.Build.0 = Debug|Any CPU
		{BF053121-AD1B-4797-A532-1D601C0B09CB}.Release|Any CPU.ActiveCfg = Release|Any CPU
		{BF053121-AD1B-4797-A532-1D601C0B09CB}.Release|Any CPU.Build.0 = Release|Any CPU
		{6D1B3E28-168A-4749-8BC7-15AD2AF344A5}.Debug|Any CPU.ActiveCfg = Debug|Any CPU
		{6D1B3E28-168A-4749-8BC7-15AD2AF344A5}.Debug|Any CPU.Build.0 = Debug|Any CPU
		{6D1B3E28-168A-4749-8BC7-15AD2AF344A5}.Release|Any CPU.ActiveCfg = Release|Any CPU
		{6D1B3E28-168A-4749-8BC7-15AD2AF344A5}.Release|Any CPU.Build.0 = Release|Any CPU
		{ABE145AB-AFA9-4136-B01B-3B08D30F6745}.Debug|Any CPU.ActiveCfg = Debug|Any CPU
		{ABE145AB-AFA9-4136-B01B-3B08D30F6745}.Debug|Any CPU.Build.0 = Debug|Any CPU
		{ABE145AB-AFA9-4136-B01B-3B08D30F6745}.Release|Any CPU.ActiveCfg = Release|Any CPU
		{ABE145AB-AFA9-4136-B01B-3B08D30F6745}.Release|Any CPU.Build.0 = Release|Any CPU
		{DD7BA81E-5E01-40F9-9EF2-CAC770BC6A1B}.Debug|Any CPU.ActiveCfg = Debug|Any CPU
		{DD7BA81E-5E01-40F9-9EF2-CAC770BC6A1B}.Debug|Any CPU.Build.0 = Debug|Any CPU
		{DD7BA81E-5E01-40F9-9EF2-CAC770BC6A1B}.Release|Any CPU.ActiveCfg = Release|Any CPU
		{DD7BA81E-5E01-40F9-9EF2-CAC770BC6A1B}.Release|Any CPU.Build.0 = Release|Any CPU
		{E5C64271-B485-4ED9-ADE7-85830B06043D}.Debug|Any CPU.ActiveCfg = Debug|Any CPU
		{E5C64271-B485-4ED9-ADE7-85830B06043D}.Debug|Any CPU.Build.0 = Debug|Any CPU
		{E5C64271-B485-4ED9-ADE7-85830B06043D}.Release|Any CPU.ActiveCfg = Release|Any CPU
		{E5C64271-B485-4ED9-ADE7-85830B06043D}.Release|Any CPU.Build.0 = Release|Any CPU
		{2DC58F97-7DAE-4047-B28E-048F66E522AD}.Debug|Any CPU.ActiveCfg = Debug|Any CPU
		{2DC58F97-7DAE-4047-B28E-048F66E522AD}.Debug|Any CPU.Build.0 = Debug|Any CPU
		{2DC58F97-7DAE-4047-B28E-048F66E522AD}.Release|Any CPU.ActiveCfg = Release|Any CPU
		{2DC58F97-7DAE-4047-B28E-048F66E522AD}.Release|Any CPU.Build.0 = Release|Any CPU
		{BEC97DB8-7CB7-473E-89D3-2115EB5905EB}.Debug|Any CPU.ActiveCfg = Debug|Any CPU
		{BEC97DB8-7CB7-473E-89D3-2115EB5905EB}.Debug|Any CPU.Build.0 = Debug|Any CPU
		{BEC97DB8-7CB7-473E-89D3-2115EB5905EB}.Release|Any CPU.ActiveCfg = Release|Any CPU
		{BEC97DB8-7CB7-473E-89D3-2115EB5905EB}.Release|Any CPU.Build.0 = Release|Any CPU
		{4B4F74A4-2611-4801-B99D-F4678659A2DE}.Debug|Any CPU.ActiveCfg = Debug|Any CPU
		{4B4F74A4-2611-4801-B99D-F4678659A2DE}.Debug|Any CPU.Build.0 = Debug|Any CPU
		{4B4F74A4-2611-4801-B99D-F4678659A2DE}.Release|Any CPU.ActiveCfg = Release|Any CPU
		{4B4F74A4-2611-4801-B99D-F4678659A2DE}.Release|Any CPU.Build.0 = Release|Any CPU
		{781901C2-C526-4BDB-BB08-AC095F5A2A43}.Debug|Any CPU.ActiveCfg = Debug|Any CPU
		{781901C2-C526-4BDB-BB08-AC095F5A2A43}.Debug|Any CPU.Build.0 = Debug|Any CPU
		{781901C2-C526-4BDB-BB08-AC095F5A2A43}.Release|Any CPU.ActiveCfg = Release|Any CPU
		{781901C2-C526-4BDB-BB08-AC095F5A2A43}.Release|Any CPU.Build.0 = Release|Any CPU
	EndGlobalSection
	GlobalSection(SolutionProperties) = preSolution
		HideSolutionNode = FALSE
	EndGlobalSection
	GlobalSection(NestedProjects) = preSolution
		{91CF9C18-CE6D-49BF-912C-3919936DD09F} = {64EDFCE5-6934-4FD3-8FC7-59C2D232DB68}
		{7CA83158-4065-43C2-9203-25335FB41CFF} = {64EDFCE5-6934-4FD3-8FC7-59C2D232DB68}
		{3A8674C5-8702-4692-BFE7-206CBE568C62} = {64EDFCE5-6934-4FD3-8FC7-59C2D232DB68}
		{2ADA1B64-1CA2-4BB7-89BC-16F431E39A87} = {64EDFCE5-6934-4FD3-8FC7-59C2D232DB68}
		{BF053121-AD1B-4797-A532-1D601C0B09CB} = {64EDFCE5-6934-4FD3-8FC7-59C2D232DB68}
		{ABE145AB-AFA9-4136-B01B-3B08D30F6745} = {1F5A1D96-24A5-4404-B541-95CBD132D055}
		{DD7BA81E-5E01-40F9-9EF2-CAC770BC6A1B} = {1F5A1D96-24A5-4404-B541-95CBD132D055}
		{E5C64271-B485-4ED9-ADE7-85830B06043D} = {1F5A1D96-24A5-4404-B541-95CBD132D055}
		{2DC58F97-7DAE-4047-B28E-048F66E522AD} = {1F5A1D96-24A5-4404-B541-95CBD132D055}
		{BEC97DB8-7CB7-473E-89D3-2115EB5905EB} = {72DC60EF-CDC7-4A7D-A88B-72E34559F18E}
		{4B4F74A4-2611-4801-B99D-F4678659A2DE} = {72DC60EF-CDC7-4A7D-A88B-72E34559F18E}
		{781901C2-C526-4BDB-BB08-AC095F5A2A43} = {72DC60EF-CDC7-4A7D-A88B-72E34559F18E}
	EndGlobalSection
	GlobalSection(ExtensibilityGlobals) = postSolution
		SolutionGuid = {499A8260-2391-4815-A438-2CD5887A27CC}
	EndGlobalSection
EndGlobal
